
Microsoft Visual Studio Solution File, Format Version 12.00
# Visual Studio Version 17
VisualStudioVersion = 17.5.33414.496
MinimumVisualStudioVersion = 10.0.40219.1
Project("{FAE04EC0-301F-11D3-BF4B-00C04F79EFBC}") = "RazorPagesMovie", "RazorPagesMovie\RazorPagesMovie.csproj", "{8C71167C-C856-41C2-A9AD-80B1D052C09D}"
EndProject
Global
	GlobalSection(SolutionConfigurationPlatforms) = preSolution
		Debug|Any CPU = Debug|Any CPU
		Release|Any CPU = Release|Any CPU
	EndGlobalSection
	GlobalSection(ProjectConfigurationPlatforms) = postSolution
		{8C71167C-C856-41C2-A9AD-80B1D052C09D}.Debug|Any CPU.ActiveCfg = Debug|Any CPU
		{8C71167C-C856-41C2-A9AD-80B1D052C09D}.Debug|Any CPU.Build.0 = Debug|Any CPU
		{8C71167C-C856-41C2-A9AD-80B1D052C09D}.Release|Any CPU.ActiveCfg = Release|Any CPU
		{8C71167C-C856-41C2-A9AD-80B1D052C09D}.Release|Any CPU.Build.0 = Release|Any CPU
	EndGlobalSection
	GlobalSection(SolutionProperties) = preSolution
		HideSolutionNode = FALSE
	EndGlobalSection
	GlobalSection(ExtensibilityGlobals) = postSolution
		SolutionGuid = {6BDE32CD-D6C1-473C-848A-98BF4A8B5196}
	EndGlobalSection
EndGlobal
